
Microsoft Visual Studio Solution File, Format Version 12.00
# Visual Studio Version 17
VisualStudioVersion = 17.14.36518.9
MinimumVisualStudioVersion = 10.0.40219.1
Project("{FAE04EC0-301F-11D3-BF4B-00C04F79EFBC}") = "DWMB.Client.Npcap", "DWMB.Client.Npcap\DWMB.Client.Npcap.csproj", "{673276EA-F899-4F43-BBE2-1DF396D27916}"
EndProject
Project("{FAE04EC0-301F-11D3-BF4B-00C04F79EFBC}") = "DWMB.Core", "DWMB.Core\DWMB.Core.csproj", "{43EFED5C-ACDE-460C-B2B1-16DF40E349E3}"
EndProject
Project("{FAE04EC0-301F-11D3-BF4B-00C04F79EFBC}") = "DWMB.Core.Tests", "DWMB.Core.Tests\DWMB.Core.Tests.csproj", "{FB1493E3-6868-46ED-992C-D1F6FA4570B8}"
EndProject
Project("{FAE04EC0-301F-11D3-BF4B-00C04F79EFBC}") = "DWMB.Plugin.VPilot", "DWMB.Plugin.VPilot\DWMB.Plugin.VPilot.csproj", "{AB5AEC83-261A-4299-8278-8AE3774EE532}"
EndProject
Project("{FAE04EC0-301F-11D3-BF4B-00C04F79EFBC}") = "DWMB.Plugin.XPilot", "DWMB.Plugin.XPilot\DWMB.Plugin.XPilot.csproj", "{8CB0372D-5D45-4B66-9967-B2EFD5E4F7C2}"
EndProject
Global
	GlobalSection(SolutionConfigurationPlatforms) = preSolution
		Debug|Any CPU = Debug|Any CPU
		Debug|ARM64 = Debug|ARM64
		Debug|x64 = Debug|x64
		Debug|x86 = Debug|x86
		Release|Any CPU = Release|Any CPU
		Release|ARM64 = Release|ARM64
		Release|x64 = Release|x64
		Release|x86 = Release|x86
	EndGlobalSection
	GlobalSection(ProjectConfigurationPlatforms) = postSolution
		{673276EA-F899-4F43-BBE2-1DF396D27916}.Debug|Any CPU.ActiveCfg = Debug|Any CPU
		{673276EA-F899-4F43-BBE2-1DF396D27916}.Debug|Any CPU.Build.0 = Debug|Any CPU
		{673276EA-F899-4F43-BBE2-1DF396D27916}.Debug|ARM64.ActiveCfg = Debug|Any CPU
		{673276EA-F899-4F43-BBE2-1DF396D27916}.Debug|ARM64.Build.0 = Debug|Any CPU
		{673276EA-F899-4F43-BBE2-1DF396D27916}.Debug|x64.ActiveCfg = Debug|Any CPU
		{673276EA-F899-4F43-BBE2-1DF396D27916}.Debug|x64.Build.0 = Debug|Any CPU
		{673276EA-F899-4F43-BBE2-1DF396D27916}.Debug|x86.ActiveCfg = Debug|Any CPU
		{673276EA-F899-4F43-BBE2-1DF396D27916}.Debug|x86.Build.0 = Debug|Any CPU
		{673276EA-F899-4F43-BBE2-1DF396D27916}.Release|Any CPU.ActiveCfg = Release|Any CPU
		{673276EA-F899-4F43-BBE2-1DF396D27916}.Release|Any CPU.Build.0 = Release|Any CPU
		{673276EA-F899-4F43-BBE2-1DF396D27916}.Release|ARM64.ActiveCfg = Release|Any CPU
		{673276EA-F899-4F43-BBE2-1DF396D27916}.Release|ARM64.Build.0 = Release|Any CPU
		{673276EA-F899-4F43-BBE2-1DF396D27916}.Release|x64.ActiveCfg = Release|Any CPU
		{673276EA-F899-4F43-BBE2-1DF396D27916}.Release|x64.Build.0 = Release|Any CPU
		{673276EA-F899-4F43-BBE2-1DF396D27916}.Release|x86.ActiveCfg = Release|Any CPU
		{673276EA-F899-4F43-BBE2-1DF396D27916}.Release|x86.Build.0 = Release|Any CPU
		{43EFED5C-ACDE-460C-B2B1-16DF40E349E3}.Debug|Any CPU.ActiveCfg = Debug|Any CPU
		{43EFED5C-ACDE-460C-B2B1-16DF40E349E3}.Debug|Any CPU.Build.0 = Debug|Any CPU
		{43EFED5C-ACDE-460C-B2B1-16DF40E349E3}.Debug|ARM64.ActiveCfg = Debug|Any CPU
		{43EFED5C-ACDE-460C-B2B1-16DF40E349E3}.Debug|ARM64.Build.0 = Debug|Any CPU
		{43EFED5C-ACDE-460C-B2B1-16DF40E349E3}.Debug|x64.ActiveCfg = Debug|Any CPU
		{43EFED5C-ACDE-460C-B2B1-16DF40E349E3}.Debug|x64.Build.0 = Debug|Any CPU
		{43EFED5C-ACDE-460C-B2B1-16DF40E349E3}.Debug|x86.ActiveCfg = Debug|Any CPU
		{43EFED5C-ACDE-460C-B2B1-16DF40E349E3}.Debug|x86.Build.0 = Debug|Any CPU
		{43EFED5C-ACDE-460C-B2B1-16DF40E349E3}.Release|Any CPU.ActiveCfg = Release|Any CPU
		{43EFED5C-ACDE-460C-B2B1-16DF40E349E3}.Release|Any CPU.Build.0 = Release|Any CPU
		{43EFED5C-ACDE-460C-B2B1-16DF40E349E3}.Release|ARM64.ActiveCfg = Release|Any CPU
		{43EFED5C-ACDE-460C-B2B1-16DF40E349E3}.Release|ARM64.Build.0 = Release|Any CPU
		{43EFED5C-ACDE-460C-B2B1-16DF40E349E3}.Release|x64.ActiveCfg = Release|Any CPU
		{43EFED5C-ACDE-460C-B2B1-16DF40E349E3}.Release|x64.Build.0 = Release|Any CPU
		{43EFED5C-ACDE-460C-B2B1-16DF40E349E3}.Release|x86.ActiveCfg = Release|Any CPU
		{43EFED5C-ACDE-460C-B2B1-16DF40E349E3}.Release|x86.Build.0 = Release|Any CPU
		{FB1493E3-6868-46ED-992C-D1F6FA4570B8}.Debug|Any CPU.ActiveCfg = Debug|Any CPU
		{FB1493E3-6868-46ED-992C-D1F6FA4570B8}.Debug|Any CPU.Build.0 = Debug|Any CPU
		{FB1493E3-6868-46ED-992C-D1F6FA4570B8}.Debug|ARM64.ActiveCfg = Debug|Any CPU
		{FB1493E3-6868-46ED-992C-D1F6FA4570B8}.Debug|ARM64.Build.0 = Debug|Any CPU
		{FB1493E3-6868-46ED-992C-D1F6FA4570B8}.Debug|x64.ActiveCfg = Debug|Any CPU
		{FB1493E3-6868-46ED-992C-D1F6FA4570B8}.Debug|x64.Build.0 = Debug|Any CPU
		{FB1493E3-6868-46ED-992C-D1F6FA4570B8}.Debug|x86.ActiveCfg = Debug|Any CPU
		{FB1493E3-6868-46ED-992C-D1F6FA4570B8}.Debug|x86.Build.0 = Debug|Any CPU
		{FB1493E3-6868-46ED-992C-D1F6FA4570B8}.Release|Any CPU.ActiveCfg = Release|Any CPU
		{FB1493E3-6868-46ED-992C-D1F6FA4570B8}.Release|Any CPU.Build.0 = Release|Any CPU
		{FB1493E3-6868-46ED-992C-D1F6FA4570B8}.Release|ARM64.ActiveCfg = Release|Any CPU
		{FB1493E3-6868-46ED-992C-D1F6FA4570B8}.Release|ARM64.Build.0 = Release|Any CPU
		{FB1493E3-6868-46ED-992C-D1F6FA4570B8}.Release|x64.ActiveCfg = Release|Any CPU
		{FB1493E3-6868-46ED-992C-D1F6FA4570B8}.Release|x64.Build.0 = Release|Any CPU
		{FB1493E3-6868-46ED-992C-D1F6FA4570B8}.Release|x86.ActiveCfg = Release|Any CPU
		{FB1493E3-6868-46ED-992C-D1F6FA4570B8}.Release|x86.Build.0 = Release|Any CPU
		{AB5AEC83-261A-4299-8278-8AE3774EE532}.Debug|Any CPU.ActiveCfg = Debug|Any CPU
		{AB5AEC83-261A-4299-8278-8AE3774EE532}.Debug|Any CPU.Build.0 = Debug|Any CPU
		{AB5AEC83-261A-4299-8278-8AE3774EE532}.Debug|ARM64.ActiveCfg = Debug|Any CPU
		{AB5AEC83-261A-4299-8278-8AE3774EE532}.Debug|ARM64.Build.0 = Debug|Any CPU
		{AB5AEC83-261A-4299-8278-8AE3774EE532}.Debug|x64.ActiveCfg = Debug|Any CPU
		{AB5AEC83-261A-4299-8278-8AE3774EE532}.Debug|x64.Build.0 = Debug|Any CPU
		{AB5AEC83-261A-4299-8278-8AE3774EE532}.Debug|x86.ActiveCfg = Debug|Any CPU
		{AB5AEC83-261A-4299-8278-8AE3774EE532}.Debug|x86.Build.0 = Debug|Any CPU
		{AB5AEC83-261A-4299-8278-8AE3774EE532}.Release|Any CPU.ActiveCfg = Release|Any CPU
		{AB5AEC83-261A-4299-8278-8AE3774EE532}.Release|Any CPU.Build.0 = Release|Any CPU
		{AB5AEC83-261A-4299-8278-8AE3774EE532}.Release|ARM64.ActiveCfg = Release|Any CPU
		{AB5AEC83-261A-4299-8278-8AE3774EE532}.Release|ARM64.Build.0 = Release|Any CPU
		{AB5AEC83-261A-4299-8278-8AE3774EE532}.Release|x64.ActiveCfg = Release|Any CPU
		{AB5AEC83-261A-4299-8278-8AE3774EE532}.Release|x64.Build.0 = Release|Any CPU
		{AB5AEC83-261A-4299-8278-8AE3774EE532}.Release|x86.ActiveCfg = Release|Any CPU
		{AB5AEC83-261A-4299-8278-8AE3774EE532}.Release|x86.Build.0 = Release|Any CPU
		{8CB0372D-5D45-4B66-9967-B2EFD5E4F7C2}.Debug|Any CPU.ActiveCfg = Debug|Any CPU
		{8CB0372D-5D45-4B66-9967-B2EFD5E4F7C2}.Debug|Any CPU.Build.0 = Debug|Any CPU
		{8CB0372D-5D45-4B66-9967-B2EFD5E4F7C2}.Debug|ARM64.ActiveCfg = Debug|Any CPU
		{8CB0372D-5D45-4B66-9967-B2EFD5E4F7C2}.Debug|ARM64.Build.0 = Debug|Any CPU
		{8CB0372D-5D45-4B66-9967-B2EFD5E4F7C2}.Debug|x64.ActiveCfg = Debug|Any CPU
		{8CB0372D-5D45-4B66-9967-B2EFD5E4F7C2}.Debug|x64.Build.0 = Debug|Any CPU
		{8CB0372D-5D45-4B66-9967-B2EFD5E4F7C2}.Debug|x86.ActiveCfg = Debug|Any CPU
		{8CB0372D-5D45-4B66-9967-B2EFD5E4F7C2}.Debug|x86.Build.0 = Debug|Any CPU
		{8CB0372D-5D45-4B66-9967-B2EFD5E4F7C2}.Release|Any CPU.ActiveCfg = Release|Any CPU
		{8CB0372D-5D45-4B66-9967-B2EFD5E4F7C2}.Release|Any CPU.Build.0 = Release|Any CPU
		{8CB0372D-5D45-4B66-9967-B2EFD5E4F7C2}.Release|ARM64.ActiveCfg = Release|Any CPU
		{8CB0372D-5D45-4B66-9967-B2EFD5E4F7C2}.Release|ARM64.Build.0 = Release|Any CPU
		{8CB0372D-5D45-4B66-9967-B2EFD5E4F7C2}.Release|x64.ActiveCfg = Release|Any CPU
		{8CB0372D-5D45-4B66-9967-B2EFD5E4F7C2}.Release|x64.Build.0 = Release|Any CPU
		{8CB0372D-5D45-4B66-9967-B2EFD5E4F7C2}.Release|x86.ActiveCfg = Release|Any CPU
		{8CB0372D-5D45-4B66-9967-B2EFD5E4F7C2}.Release|x86.Build.0 = Release|Any CPU
	EndGlobalSection
	GlobalSection(SolutionProperties) = preSolution
		HideSolutionNode = FALSE
	EndGlobalSection
	GlobalSection(ExtensibilityGlobals) = postSolution
		SolutionGuid = {AFAF6EF1-2437-4234-8EF0-C5A074BA8D34}
	EndGlobalSection
EndGlobal
