
Microsoft Visual Studio Solution File, Format Version 12.00
# Visual Studio Version 17
VisualStudioVersion = 17.14.36518.9
MinimumVisualStudioVersion = 10.0.40219.1
Project("{FAE04EC0-301F-11D3-BF4B-00C04F79EFBC}") = "DWMB", "DWMB.csproj", "{673276EA-F899-4F43-BBE2-1DF396D27916}"
EndProject
Global
	GlobalSection(SolutionConfigurationPlatforms) = preSolution
		Debug|Any CPU = Debug|Any CPU
		Debug|ARM64 = Debug|ARM64
		Debug|x64 = Debug|x64
		Debug|x86 = Debug|x86
		Release|Any CPU = Release|Any CPU
		Release|ARM64 = Release|ARM64
		Release|x64 = Release|x64
		Release|x86 = Release|x86
	EndGlobalSection
	GlobalSection(ProjectConfigurationPlatforms) = postSolution
		{673276EA-F899-4F43-BBE2-1DF396D27916}.Debug|Any CPU.ActiveCfg = Debug|Any CPU
		{673276EA-F899-4F43-BBE2-1DF396D27916}.Debug|Any CPU.Build.0 = Debug|Any CPU
		{673276EA-F899-4F43-BBE2-1DF396D27916}.Debug|ARM64.ActiveCfg = Debug|Any CPU
		{673276EA-F899-4F43-BBE2-1DF396D27916}.Debug|ARM64.Build.0 = Debug|Any CPU
		{673276EA-F899-4F43-BBE2-1DF396D27916}.Debug|x64.ActiveCfg = Debug|Any CPU
		{673276EA-F899-4F43-BBE2-1DF396D27916}.Debug|x64.Build.0 = Debug|Any CPU
		{673276EA-F899-4F43-BBE2-1DF396D27916}.Debug|x86.ActiveCfg = Debug|Any CPU
		{673276EA-F899-4F43-BBE2-1DF396D27916}.Debug|x86.Build.0 = Debug|Any CPU
		{673276EA-F899-4F43-BBE2-1DF396D27916}.Release|Any CPU.ActiveCfg = Release|Any CPU
		{673276EA-F899-4F43-BBE2-1DF396D27916}.Release|Any CPU.Build.0 = Release|Any CPU
		{673276EA-F899-4F43-BBE2-1DF396D27916}.Release|ARM64.ActiveCfg = Release|Any CPU
		{673276EA-F899-4F43-BBE2-1DF396D27916}.Release|ARM64.Build.0 = Release|Any CPU
		{673276EA-F899-4F43-BBE2-1DF396D27916}.Release|x64.ActiveCfg = Release|Any CPU
		{673276EA-F899-4F43-BBE2-1DF396D27916}.Release|x64.Build.0 = Release|Any CPU
		{673276EA-F899-4F43-BBE2-1DF396D27916}.Release|x86.ActiveCfg = Release|Any CPU
		{673276EA-F899-4F43-BBE2-1DF396D27916}.Release|x86.Build.0 = Release|Any CPU
	EndGlobalSection
	GlobalSection(SolutionProperties) = preSolution
		HideSolutionNode = FALSE
	EndGlobalSection
	GlobalSection(ExtensibilityGlobals) = postSolution
		SolutionGuid = {AFAF6EF1-2437-4234-8EF0-C5A074BA8D34}
	EndGlobalSection
EndGlobal
